
Microsoft Visual Studio Solution File, Format Version 12.00
# Visual Studio 14
VisualStudioVersion = 14.0.25420.1
MinimumVisualStudioVersion = 10.0.40219.1
Project("{FAE04EC0-301F-11D3-BF4B-00C04F79EFBC}") = "ExrinSample", "Exrin-Sample\Exrin_Sample\ExrinSample.csproj", "{293596E5-9BD4-4069-B015-D0AA6D61B546}"
EndProject
Project("{FAE04EC0-301F-11D3-BF4B-00C04F79EFBC}") = "ExrinSample.iOS", "Exrin-Sample\Exrin_Sample.iOS\ExrinSample.iOS.csproj", "{321326FF-E8B8-413D-9C7F-6B9E7989799C}"
EndProject
Project("{FAE04EC0-301F-11D3-BF4B-00C04F79EFBC}") = "ExrinSample.UWP", "Exrin-Sample\Exrin_Sample.UWP\ExrinSample.UWP.csproj", "{A504C3F5-0CF3-46C6-BA78-212ACC525E93}"
EndProject
Project("{FAE04EC0-301F-11D3-BF4B-00C04F79EFBC}") = "ExrinSample.Abstraction", "Exrin-Sample\Exrin_Sample.Abstraction\ExrinSample.Abstraction.csproj", "{CD9B473E-04B8-44D4-8E53-06556CD3D7FD}"
EndProject
Project("{2150E333-8FDC-42A3-9474-1A3956D46DE8}") = "1 - Platform", "1 - Platform", "{5A061F97-1206-40D0-96BE-BA5F648556B9}"
EndProject
Project("{2150E333-8FDC-42A3-9474-1A3956D46DE8}") = "2 - App", "2 - App", "{E7F784F4-5279-4BBE-9D31-8E78B94CFD7F}"
EndProject
Project("{FAE04EC0-301F-11D3-BF4B-00C04F79EFBC}") = "ExrinSample.Droid", "Exrin-Sample\ExrinSample.Droid\ExrinSample.Droid.csproj", "{D5C2B40F-3795-4356-B6D6-FC26B206101C}"
EndProject
Global
	GlobalSection(SolutionConfigurationPlatforms) = preSolution
		Ad-Hoc|Any CPU = Ad-Hoc|Any CPU
		Ad-Hoc|ARM = Ad-Hoc|ARM
		Ad-Hoc|iPhone = Ad-Hoc|iPhone
		Ad-Hoc|iPhoneSimulator = Ad-Hoc|iPhoneSimulator
		Ad-Hoc|x64 = Ad-Hoc|x64
		Ad-Hoc|x86 = Ad-Hoc|x86
		AppStore|Any CPU = AppStore|Any CPU
		AppStore|ARM = AppStore|ARM
		AppStore|iPhone = AppStore|iPhone
		AppStore|iPhoneSimulator = AppStore|iPhoneSimulator
		AppStore|x64 = AppStore|x64
		AppStore|x86 = AppStore|x86
		Debug|Any CPU = Debug|Any CPU
		Debug|ARM = Debug|ARM
		Debug|iPhone = Debug|iPhone
		Debug|iPhoneSimulator = Debug|iPhoneSimulator
		Debug|x64 = Debug|x64
		Debug|x86 = Debug|x86
		Release|Any CPU = Release|Any CPU
		Release|ARM = Release|ARM
		Release|iPhone = Release|iPhone
		Release|iPhoneSimulator = Release|iPhoneSimulator
		Release|x64 = Release|x64
		Release|x86 = Release|x86
	EndGlobalSection
	GlobalSection(ProjectConfigurationPlatforms) = postSolution
		{293596E5-9BD4-4069-B015-D0AA6D61B546}.Ad-Hoc|Any CPU.ActiveCfg = Release|Any CPU
		{293596E5-9BD4-4069-B015-D0AA6D61B546}.Ad-Hoc|Any CPU.Build.0 = Release|Any CPU
		{293596E5-9BD4-4069-B015-D0AA6D61B546}.Ad-Hoc|ARM.ActiveCfg = Release|Any CPU
		{293596E5-9BD4-4069-B015-D0AA6D61B546}.Ad-Hoc|ARM.Build.0 = Release|Any CPU
		{293596E5-9BD4-4069-B015-D0AA6D61B546}.Ad-Hoc|iPhone.ActiveCfg = Release|Any CPU
		{293596E5-9BD4-4069-B015-D0AA6D61B546}.Ad-Hoc|iPhone.Build.0 = Release|Any CPU
		{293596E5-9BD4-4069-B015-D0AA6D61B546}.Ad-Hoc|iPhoneSimulator.ActiveCfg = Release|Any CPU
		{293596E5-9BD4-4069-B015-D0AA6D61B546}.Ad-Hoc|iPhoneSimulator.Build.0 = Release|Any CPU
		{293596E5-9BD4-4069-B015-D0AA6D61B546}.Ad-Hoc|x64.ActiveCfg = Release|Any CPU
		{293596E5-9BD4-4069-B015-D0AA6D61B546}.Ad-Hoc|x64.Build.0 = Release|Any CPU
		{293596E5-9BD4-4069-B015-D0AA6D61B546}.Ad-Hoc|x86.ActiveCfg = Release|Any CPU
		{293596E5-9BD4-4069-B015-D0AA6D61B546}.Ad-Hoc|x86.Build.0 = Release|Any CPU
		{293596E5-9BD4-4069-B015-D0AA6D61B546}.AppStore|Any CPU.ActiveCfg = Release|Any CPU
		{293596E5-9BD4-4069-B015-D0AA6D61B546}.AppStore|Any CPU.Build.0 = Release|Any CPU
		{293596E5-9BD4-4069-B015-D0AA6D61B546}.AppStore|ARM.ActiveCfg = Release|Any CPU
		{293596E5-9BD4-4069-B015-D0AA6D61B546}.AppStore|ARM.Build.0 = Release|Any CPU
		{293596E5-9BD4-4069-B015-D0AA6D61B546}.AppStore|iPhone.ActiveCfg = Release|Any CPU
		{293596E5-9BD4-4069-B015-D0AA6D61B546}.AppStore|iPhone.Build.0 = Release|Any CPU
		{293596E5-9BD4-4069-B015-D0AA6D61B546}.AppStore|iPhoneSimulator.ActiveCfg = Release|Any CPU
		{293596E5-9BD4-4069-B015-D0AA6D61B546}.AppStore|iPhoneSimulator.Build.0 = Release|Any CPU
		{293596E5-9BD4-4069-B015-D0AA6D61B546}.AppStore|x64.ActiveCfg = Release|Any CPU
		{293596E5-9BD4-4069-B015-D0AA6D61B546}.AppStore|x64.Build.0 = Release|Any CPU
		{293596E5-9BD4-4069-B015-D0AA6D61B546}.AppStore|x86.ActiveCfg = Release|Any CPU
		{293596E5-9BD4-4069-B015-D0AA6D61B546}.AppStore|x86.Build.0 = Release|Any CPU
		{293596E5-9BD4-4069-B015-D0AA6D61B546}.Debug|Any CPU.ActiveCfg = Debug|Any CPU
		{293596E5-9BD4-4069-B015-D0AA6D61B546}.Debug|Any CPU.Build.0 = Debug|Any CPU
		{293596E5-9BD4-4069-B015-D0AA6D61B546}.Debug|ARM.ActiveCfg = Debug|Any CPU
		{293596E5-9BD4-4069-B015-D0AA6D61B546}.Debug|ARM.Build.0 = Debug|Any CPU
		{293596E5-9BD4-4069-B015-D0AA6D61B546}.Debug|iPhone.ActiveCfg = Debug|Any CPU
		{293596E5-9BD4-4069-B015-D0AA6D61B546}.Debug|iPhone.Build.0 = Debug|Any CPU
		{293596E5-9BD4-4069-B015-D0AA6D61B546}.Debug|iPhoneSimulator.ActiveCfg = Debug|Any CPU
		{293596E5-9BD4-4069-B015-D0AA6D61B546}.Debug|iPhoneSimulator.Build.0 = Debug|Any CPU
		{293596E5-9BD4-4069-B015-D0AA6D61B546}.Debug|x64.ActiveCfg = Debug|Any CPU
		{293596E5-9BD4-4069-B015-D0AA6D61B546}.Debug|x64.Build.0 = Debug|Any CPU
		{293596E5-9BD4-4069-B015-D0AA6D61B546}.Debug|x86.ActiveCfg = Debug|Any CPU
		{293596E5-9BD4-4069-B015-D0AA6D61B546}.Debug|x86.Build.0 = Debug|Any CPU
		{293596E5-9BD4-4069-B015-D0AA6D61B546}.Release|Any CPU.ActiveCfg = Release|Any CPU
		{293596E5-9BD4-4069-B015-D0AA6D61B546}.Release|Any CPU.Build.0 = Release|Any CPU
		{293596E5-9BD4-4069-B015-D0AA6D61B546}.Release|ARM.ActiveCfg = Release|Any CPU
		{293596E5-9BD4-4069-B015-D0AA6D61B546}.Release|ARM.Build.0 = Release|Any CPU
		{293596E5-9BD4-4069-B015-D0AA6D61B546}.Release|iPhone.ActiveCfg = Release|Any CPU
		{293596E5-9BD4-4069-B015-D0AA6D61B546}.Release|iPhone.Build.0 = Release|Any CPU
		{293596E5-9BD4-4069-B015-D0AA6D61B546}.Release|iPhoneSimulator.ActiveCfg = Release|Any CPU
		{293596E5-9BD4-4069-B015-D0AA6D61B546}.Release|iPhoneSimulator.Build.0 = Release|Any CPU
		{293596E5-9BD4-4069-B015-D0AA6D61B546}.Release|x64.ActiveCfg = Release|Any CPU
		{293596E5-9BD4-4069-B015-D0AA6D61B546}.Release|x64.Build.0 = Release|Any CPU
		{293596E5-9BD4-4069-B015-D0AA6D61B546}.Release|x86.ActiveCfg = Release|Any CPU
		{293596E5-9BD4-4069-B015-D0AA6D61B546}.Release|x86.Build.0 = Release|Any CPU
		{321326FF-E8B8-413D-9C7F-6B9E7989799C}.Ad-Hoc|Any CPU.ActiveCfg = Ad-Hoc|iPhone
		{321326FF-E8B8-413D-9C7F-6B9E7989799C}.Ad-Hoc|ARM.ActiveCfg = Ad-Hoc|iPhone
		{321326FF-E8B8-413D-9C7F-6B9E7989799C}.Ad-Hoc|iPhone.ActiveCfg = Ad-Hoc|iPhone
		{321326FF-E8B8-413D-9C7F-6B9E7989799C}.Ad-Hoc|iPhone.Build.0 = Ad-Hoc|iPhone
		{321326FF-E8B8-413D-9C7F-6B9E7989799C}.Ad-Hoc|iPhoneSimulator.ActiveCfg = Ad-Hoc|iPhoneSimulator
		{321326FF-E8B8-413D-9C7F-6B9E7989799C}.Ad-Hoc|iPhoneSimulator.Build.0 = Ad-Hoc|iPhoneSimulator
		{321326FF-E8B8-413D-9C7F-6B9E7989799C}.Ad-Hoc|x64.ActiveCfg = Ad-Hoc|iPhone
		{321326FF-E8B8-413D-9C7F-6B9E7989799C}.Ad-Hoc|x86.ActiveCfg = Ad-Hoc|iPhone
		{321326FF-E8B8-413D-9C7F-6B9E7989799C}.AppStore|Any CPU.ActiveCfg = AppStore|iPhone
		{321326FF-E8B8-413D-9C7F-6B9E7989799C}.AppStore|ARM.ActiveCfg = AppStore|iPhone
		{321326FF-E8B8-413D-9C7F-6B9E7989799C}.AppStore|iPhone.ActiveCfg = AppStore|iPhone
		{321326FF-E8B8-413D-9C7F-6B9E7989799C}.AppStore|iPhone.Build.0 = AppStore|iPhone
		{321326FF-E8B8-413D-9C7F-6B9E7989799C}.AppStore|iPhoneSimulator.ActiveCfg = AppStore|iPhoneSimulator
		{321326FF-E8B8-413D-9C7F-6B9E7989799C}.AppStore|iPhoneSimulator.Build.0 = AppStore|iPhoneSimulator
		{321326FF-E8B8-413D-9C7F-6B9E7989799C}.AppStore|x64.ActiveCfg = AppStore|iPhone
		{321326FF-E8B8-413D-9C7F-6B9E7989799C}.AppStore|x86.ActiveCfg = AppStore|iPhone
		{321326FF-E8B8-413D-9C7F-6B9E7989799C}.Debug|Any CPU.ActiveCfg = Debug|iPhone
		{321326FF-E8B8-413D-9C7F-6B9E7989799C}.Debug|ARM.ActiveCfg = Debug|iPhone
		{321326FF-E8B8-413D-9C7F-6B9E7989799C}.Debug|iPhone.ActiveCfg = Debug|iPhone
		{321326FF-E8B8-413D-9C7F-6B9E7989799C}.Debug|iPhone.Build.0 = Debug|iPhone
		{321326FF-E8B8-413D-9C7F-6B9E7989799C}.Debug|iPhoneSimulator.ActiveCfg = Debug|iPhoneSimulator
		{321326FF-E8B8-413D-9C7F-6B9E7989799C}.Debug|iPhoneSimulator.Build.0 = Debug|iPhoneSimulator
		{321326FF-E8B8-413D-9C7F-6B9E7989799C}.Debug|x64.ActiveCfg = Debug|iPhone
		{321326FF-E8B8-413D-9C7F-6B9E7989799C}.Debug|x86.ActiveCfg = Debug|iPhone
		{321326FF-E8B8-413D-9C7F-6B9E7989799C}.Release|Any CPU.ActiveCfg = Release|iPhone
		{321326FF-E8B8-413D-9C7F-6B9E7989799C}.Release|ARM.ActiveCfg = Release|iPhone
		{321326FF-E8B8-413D-9C7F-6B9E7989799C}.Release|iPhone.ActiveCfg = Release|iPhone
		{321326FF-E8B8-413D-9C7F-6B9E7989799C}.Release|iPhone.Build.0 = Release|iPhone
		{321326FF-E8B8-413D-9C7F-6B9E7989799C}.Release|iPhoneSimulator.ActiveCfg = Release|iPhoneSimulator
		{321326FF-E8B8-413D-9C7F-6B9E7989799C}.Release|iPhoneSimulator.Build.0 = Release|iPhoneSimulator
		{321326FF-E8B8-413D-9C7F-6B9E7989799C}.Release|x64.ActiveCfg = Release|iPhone
		{321326FF-E8B8-413D-9C7F-6B9E7989799C}.Release|x86.ActiveCfg = Release|iPhone
		{A504C3F5-0CF3-46C6-BA78-212ACC525E93}.Ad-Hoc|Any CPU.ActiveCfg = Release|x86
		{A504C3F5-0CF3-46C6-BA78-212ACC525E93}.Ad-Hoc|Any CPU.Build.0 = Release|x86
		{A504C3F5-0CF3-46C6-BA78-212ACC525E93}.Ad-Hoc|Any CPU.Deploy.0 = Release|x86
		{A504C3F5-0CF3-46C6-BA78-212ACC525E93}.Ad-Hoc|ARM.ActiveCfg = Release|ARM
		{A504C3F5-0CF3-46C6-BA78-212ACC525E93}.Ad-Hoc|ARM.Build.0 = Release|ARM
		{A504C3F5-0CF3-46C6-BA78-212ACC525E93}.Ad-Hoc|ARM.Deploy.0 = Release|ARM
		{A504C3F5-0CF3-46C6-BA78-212ACC525E93}.Ad-Hoc|iPhone.ActiveCfg = Release|x86
		{A504C3F5-0CF3-46C6-BA78-212ACC525E93}.Ad-Hoc|iPhone.Build.0 = Release|x86
		{A504C3F5-0CF3-46C6-BA78-212ACC525E93}.Ad-Hoc|iPhone.Deploy.0 = Release|x86
		{A504C3F5-0CF3-46C6-BA78-212ACC525E93}.Ad-Hoc|iPhoneSimulator.ActiveCfg = Release|x86
		{A504C3F5-0CF3-46C6-BA78-212ACC525E93}.Ad-Hoc|iPhoneSimulator.Build.0 = Release|x86
		{A504C3F5-0CF3-46C6-BA78-212ACC525E93}.Ad-Hoc|iPhoneSimulator.Deploy.0 = Release|x86
		{A504C3F5-0CF3-46C6-BA78-212ACC525E93}.Ad-Hoc|x64.ActiveCfg = Release|x64
		{A504C3F5-0CF3-46C6-BA78-212ACC525E93}.Ad-Hoc|x64.Build.0 = Release|x64
		{A504C3F5-0CF3-46C6-BA78-212ACC525E93}.Ad-Hoc|x64.Deploy.0 = Release|x64
		{A504C3F5-0CF3-46C6-BA78-212ACC525E93}.Ad-Hoc|x86.ActiveCfg = Release|x86
		{A504C3F5-0CF3-46C6-BA78-212ACC525E93}.Ad-Hoc|x86.Build.0 = Release|x86
		{A504C3F5-0CF3-46C6-BA78-212ACC525E93}.Ad-Hoc|x86.Deploy.0 = Release|x86
		{A504C3F5-0CF3-46C6-BA78-212ACC525E93}.AppStore|Any CPU.ActiveCfg = Release|x86
		{A504C3F5-0CF3-46C6-BA78-212ACC525E93}.AppStore|Any CPU.Build.0 = Release|x86
		{A504C3F5-0CF3-46C6-BA78-212ACC525E93}.AppStore|Any CPU.Deploy.0 = Release|x86
		{A504C3F5-0CF3-46C6-BA78-212ACC525E93}.AppStore|ARM.ActiveCfg = Release|ARM
		{A504C3F5-0CF3-46C6-BA78-212ACC525E93}.AppStore|ARM.Build.0 = Release|ARM
		{A504C3F5-0CF3-46C6-BA78-212ACC525E93}.AppStore|ARM.Deploy.0 = Release|ARM
		{A504C3F5-0CF3-46C6-BA78-212ACC525E93}.AppStore|iPhone.ActiveCfg = Release|x86
		{A504C3F5-0CF3-46C6-BA78-212ACC525E93}.AppStore|iPhone.Build.0 = Release|x86
		{A504C3F5-0CF3-46C6-BA78-212ACC525E93}.AppStore|iPhone.Deploy.0 = Release|x86
		{A504C3F5-0CF3-46C6-BA78-212ACC525E93}.AppStore|iPhoneSimulator.ActiveCfg = Release|x86
		{A504C3F5-0CF3-46C6-BA78-212ACC525E93}.AppStore|iPhoneSimulator.Build.0 = Release|x86
		{A504C3F5-0CF3-46C6-BA78-212ACC525E93}.AppStore|iPhoneSimulator.Deploy.0 = Release|x86
		{A504C3F5-0CF3-46C6-BA78-212ACC525E93}.AppStore|x64.ActiveCfg = Release|x64
		{A504C3F5-0CF3-46C6-BA78-212ACC525E93}.AppStore|x64.Build.0 = Release|x64
		{A504C3F5-0CF3-46C6-BA78-212ACC525E93}.AppStore|x64.Deploy.0 = Release|x64
		{A504C3F5-0CF3-46C6-BA78-212ACC525E93}.AppStore|x86.ActiveCfg = Release|x86
		{A504C3F5-0CF3-46C6-BA78-212ACC525E93}.AppStore|x86.Build.0 = Release|x86
		{A504C3F5-0CF3-46C6-BA78-212ACC525E93}.AppStore|x86.Deploy.0 = Release|x86
		{A504C3F5-0CF3-46C6-BA78-212ACC525E93}.Debug|Any CPU.ActiveCfg = Debug|x86
		{A504C3F5-0CF3-46C6-BA78-212ACC525E93}.Debug|Any CPU.Build.0 = Debug|x86
		{A504C3F5-0CF3-46C6-BA78-212ACC525E93}.Debug|Any CPU.Deploy.0 = Debug|x86
		{A504C3F5-0CF3-46C6-BA78-212ACC525E93}.Debug|ARM.ActiveCfg = Debug|ARM
		{A504C3F5-0CF3-46C6-BA78-212ACC525E93}.Debug|ARM.Build.0 = Debug|ARM
		{A504C3F5-0CF3-46C6-BA78-212ACC525E93}.Debug|ARM.Deploy.0 = Debug|ARM
		{A504C3F5-0CF3-46C6-BA78-212ACC525E93}.Debug|iPhone.ActiveCfg = Debug|x86
		{A504C3F5-0CF3-46C6-BA78-212ACC525E93}.Debug|iPhoneSimulator.ActiveCfg = Debug|x86
		{A504C3F5-0CF3-46C6-BA78-212ACC525E93}.Debug|x64.ActiveCfg = Debug|x64
		{A504C3F5-0CF3-46C6-BA78-212ACC525E93}.Debug|x64.Build.0 = Debug|x64
		{A504C3F5-0CF3-46C6-BA78-212ACC525E93}.Debug|x64.Deploy.0 = Debug|x64
		{A504C3F5-0CF3-46C6-BA78-212ACC525E93}.Debug|x86.ActiveCfg = Debug|x86
		{A504C3F5-0CF3-46C6-BA78-212ACC525E93}.Debug|x86.Build.0 = Debug|x86
		{A504C3F5-0CF3-46C6-BA78-212ACC525E93}.Debug|x86.Deploy.0 = Debug|x86
		{A504C3F5-0CF3-46C6-BA78-212ACC525E93}.Release|Any CPU.ActiveCfg = Release|x86
		{A504C3F5-0CF3-46C6-BA78-212ACC525E93}.Release|ARM.ActiveCfg = Release|ARM
		{A504C3F5-0CF3-46C6-BA78-212ACC525E93}.Release|ARM.Build.0 = Release|ARM
		{A504C3F5-0CF3-46C6-BA78-212ACC525E93}.Release|ARM.Deploy.0 = Release|ARM
		{A504C3F5-0CF3-46C6-BA78-212ACC525E93}.Release|iPhone.ActiveCfg = Release|x86
		{A504C3F5-0CF3-46C6-BA78-212ACC525E93}.Release|iPhoneSimulator.ActiveCfg = Release|x86
		{A504C3F5-0CF3-46C6-BA78-212ACC525E93}.Release|x64.ActiveCfg = Release|x64
		{A504C3F5-0CF3-46C6-BA78-212ACC525E93}.Release|x64.Build.0 = Release|x64
		{A504C3F5-0CF3-46C6-BA78-212ACC525E93}.Release|x64.Deploy.0 = Release|x64
		{A504C3F5-0CF3-46C6-BA78-212ACC525E93}.Release|x86.ActiveCfg = Release|x86
		{A504C3F5-0CF3-46C6-BA78-212ACC525E93}.Release|x86.Build.0 = Release|x86
		{A504C3F5-0CF3-46C6-BA78-212ACC525E93}.Release|x86.Deploy.0 = Release|x86
		{CD9B473E-04B8-44D4-8E53-06556CD3D7FD}.Ad-Hoc|Any CPU.ActiveCfg = Release|Any CPU
		{CD9B473E-04B8-44D4-8E53-06556CD3D7FD}.Ad-Hoc|Any CPU.Build.0 = Release|Any CPU
		{CD9B473E-04B8-44D4-8E53-06556CD3D7FD}.Ad-Hoc|ARM.ActiveCfg = Release|Any CPU
		{CD9B473E-04B8-44D4-8E53-06556CD3D7FD}.Ad-Hoc|ARM.Build.0 = Release|Any CPU
		{CD9B473E-04B8-44D4-8E53-06556CD3D7FD}.Ad-Hoc|iPhone.ActiveCfg = Release|Any CPU
		{CD9B473E-04B8-44D4-8E53-06556CD3D7FD}.Ad-Hoc|iPhone.Build.0 = Release|Any CPU
		{CD9B473E-04B8-44D4-8E53-06556CD3D7FD}.Ad-Hoc|iPhoneSimulator.ActiveCfg = Release|Any CPU
		{CD9B473E-04B8-44D4-8E53-06556CD3D7FD}.Ad-Hoc|iPhoneSimulator.Build.0 = Release|Any CPU
		{CD9B473E-04B8-44D4-8E53-06556CD3D7FD}.Ad-Hoc|x64.ActiveCfg = Release|Any CPU
		{CD9B473E-04B8-44D4-8E53-06556CD3D7FD}.Ad-Hoc|x64.Build.0 = Release|Any CPU
		{CD9B473E-04B8-44D4-8E53-06556CD3D7FD}.Ad-Hoc|x86.ActiveCfg = Release|Any CPU
		{CD9B473E-04B8-44D4-8E53-06556CD3D7FD}.Ad-Hoc|x86.Build.0 = Release|Any CPU
		{CD9B473E-04B8-44D4-8E53-06556CD3D7FD}.AppStore|Any CPU.ActiveCfg = Release|Any CPU
		{CD9B473E-04B8-44D4-8E53-06556CD3D7FD}.AppStore|Any CPU.Build.0 = Release|Any CPU
		{CD9B473E-04B8-44D4-8E53-06556CD3D7FD}.AppStore|ARM.ActiveCfg = Release|Any CPU
		{CD9B473E-04B8-44D4-8E53-06556CD3D7FD}.AppStore|ARM.Build.0 = Release|Any CPU
		{CD9B473E-04B8-44D4-8E53-06556CD3D7FD}.AppStore|iPhone.ActiveCfg = Release|Any CPU
		{CD9B473E-04B8-44D4-8E53-06556CD3D7FD}.AppStore|iPhone.Build.0 = Release|Any CPU
		{CD9B473E-04B8-44D4-8E53-06556CD3D7FD}.AppStore|iPhoneSimulator.ActiveCfg = Release|Any CPU
		{CD9B473E-04B8-44D4-8E53-06556CD3D7FD}.AppStore|iPhoneSimulator.Build.0 = Release|Any CPU
		{CD9B473E-04B8-44D4-8E53-06556CD3D7FD}.AppStore|x64.ActiveCfg = Release|Any CPU
		{CD9B473E-04B8-44D4-8E53-06556CD3D7FD}.AppStore|x64.Build.0 = Release|Any CPU
		{CD9B473E-04B8-44D4-8E53-06556CD3D7FD}.AppStore|x86.ActiveCfg = Release|Any CPU
		{CD9B473E-04B8-44D4-8E53-06556CD3D7FD}.AppStore|x86.Build.0 = Release|Any CPU
		{CD9B473E-04B8-44D4-8E53-06556CD3D7FD}.Debug|Any CPU.ActiveCfg = Debug|Any CPU
		{CD9B473E-04B8-44D4-8E53-06556CD3D7FD}.Debug|Any CPU.Build.0 = Debug|Any CPU
		{CD9B473E-04B8-44D4-8E53-06556CD3D7FD}.Debug|ARM.ActiveCfg = Debug|Any CPU
		{CD9B473E-04B8-44D4-8E53-06556CD3D7FD}.Debug|ARM.Build.0 = Debug|Any CPU
		{CD9B473E-04B8-44D4-8E53-06556CD3D7FD}.Debug|iPhone.ActiveCfg = Debug|Any CPU
		{CD9B473E-04B8-44D4-8E53-06556CD3D7FD}.Debug|iPhone.Build.0 = Debug|Any CPU
		{CD9B473E-04B8-44D4-8E53-06556CD3D7FD}.Debug|iPhoneSimulator.ActiveCfg = Debug|Any CPU
		{CD9B473E-04B8-44D4-8E53-06556CD3D7FD}.Debug|iPhoneSimulator.Build.0 = Debug|Any CPU
		{CD9B473E-04B8-44D4-8E53-06556CD3D7FD}.Debug|x64.ActiveCfg = Debug|Any CPU
		{CD9B473E-04B8-44D4-8E53-06556CD3D7FD}.Debug|x64.Build.0 = Debug|Any CPU
		{CD9B473E-04B8-44D4-8E53-06556CD3D7FD}.Debug|x86.ActiveCfg = Debug|Any CPU
		{CD9B473E-04B8-44D4-8E53-06556CD3D7FD}.Debug|x86.Build.0 = Debug|Any CPU
		{CD9B473E-04B8-44D4-8E53-06556CD3D7FD}.Release|Any CPU.ActiveCfg = Release|Any CPU
		{CD9B473E-04B8-44D4-8E53-06556CD3D7FD}.Release|Any CPU.Build.0 = Release|Any CPU
		{CD9B473E-04B8-44D4-8E53-06556CD3D7FD}.Release|ARM.ActiveCfg = Release|Any CPU
		{CD9B473E-04B8-44D4-8E53-06556CD3D7FD}.Release|ARM.Build.0 = Release|Any CPU
		{CD9B473E-04B8-44D4-8E53-06556CD3D7FD}.Release|iPhone.ActiveCfg = Release|Any CPU
		{CD9B473E-04B8-44D4-8E53-06556CD3D7FD}.Release|iPhone.Build.0 = Release|Any CPU
		{CD9B473E-04B8-44D4-8E53-06556CD3D7FD}.Release|iPhoneSimulator.ActiveCfg = Release|Any CPU
		{CD9B473E-04B8-44D4-8E53-06556CD3D7FD}.Release|iPhoneSimulator.Build.0 = Release|Any CPU
		{CD9B473E-04B8-44D4-8E53-06556CD3D7FD}.Release|x64.ActiveCfg = Release|Any CPU
		{CD9B473E-04B8-44D4-8E53-06556CD3D7FD}.Release|x64.Build.0 = Release|Any CPU
		{CD9B473E-04B8-44D4-8E53-06556CD3D7FD}.Release|x86.ActiveCfg = Release|Any CPU
		{CD9B473E-04B8-44D4-8E53-06556CD3D7FD}.Release|x86.Build.0 = Release|Any CPU
		{D5C2B40F-3795-4356-B6D6-FC26B206101C}.Ad-Hoc|Any CPU.ActiveCfg = Release|Any CPU
		{D5C2B40F-3795-4356-B6D6-FC26B206101C}.Ad-Hoc|Any CPU.Build.0 = Release|Any CPU
		{D5C2B40F-3795-4356-B6D6-FC26B206101C}.Ad-Hoc|Any CPU.Deploy.0 = Release|Any CPU
		{D5C2B40F-3795-4356-B6D6-FC26B206101C}.Ad-Hoc|ARM.ActiveCfg = Release|Any CPU
		{D5C2B40F-3795-4356-B6D6-FC26B206101C}.Ad-Hoc|ARM.Build.0 = Release|Any CPU
		{D5C2B40F-3795-4356-B6D6-FC26B206101C}.Ad-Hoc|ARM.Deploy.0 = Release|Any CPU
		{D5C2B40F-3795-4356-B6D6-FC26B206101C}.Ad-Hoc|iPhone.ActiveCfg = Release|Any CPU
		{D5C2B40F-3795-4356-B6D6-FC26B206101C}.Ad-Hoc|iPhone.Build.0 = Release|Any CPU
		{D5C2B40F-3795-4356-B6D6-FC26B206101C}.Ad-Hoc|iPhone.Deploy.0 = Release|Any CPU
		{D5C2B40F-3795-4356-B6D6-FC26B206101C}.Ad-Hoc|iPhoneSimulator.ActiveCfg = Release|Any CPU
		{D5C2B40F-3795-4356-B6D6-FC26B206101C}.Ad-Hoc|iPhoneSimulator.Build.0 = Release|Any CPU
		{D5C2B40F-3795-4356-B6D6-FC26B206101C}.Ad-Hoc|iPhoneSimulator.Deploy.0 = Release|Any CPU
		{D5C2B40F-3795-4356-B6D6-FC26B206101C}.Ad-Hoc|x64.ActiveCfg = Release|Any CPU
		{D5C2B40F-3795-4356-B6D6-FC26B206101C}.Ad-Hoc|x64.Build.0 = Release|Any CPU
		{D5C2B40F-3795-4356-B6D6-FC26B206101C}.Ad-Hoc|x64.Deploy.0 = Release|Any CPU
		{D5C2B40F-3795-4356-B6D6-FC26B206101C}.Ad-Hoc|x86.ActiveCfg = Release|Any CPU
		{D5C2B40F-3795-4356-B6D6-FC26B206101C}.Ad-Hoc|x86.Build.0 = Release|Any CPU
		{D5C2B40F-3795-4356-B6D6-FC26B206101C}.Ad-Hoc|x86.Deploy.0 = Release|Any CPU
		{D5C2B40F-3795-4356-B6D6-FC26B206101C}.AppStore|Any CPU.ActiveCfg = Release|Any CPU
		{D5C2B40F-3795-4356-B6D6-FC26B206101C}.AppStore|Any CPU.Build.0 = Release|Any CPU
		{D5C2B40F-3795-4356-B6D6-FC26B206101C}.AppStore|Any CPU.Deploy.0 = Release|Any CPU
		{D5C2B40F-3795-4356-B6D6-FC26B206101C}.AppStore|ARM.ActiveCfg = Release|Any CPU
		{D5C2B40F-3795-4356-B6D6-FC26B206101C}.AppStore|ARM.Build.0 = Release|Any CPU
		{D5C2B40F-3795-4356-B6D6-FC26B206101C}.AppStore|ARM.Deploy.0 = Release|Any CPU
		{D5C2B40F-3795-4356-B6D6-FC26B206101C}.AppStore|iPhone.ActiveCfg = Release|Any CPU
		{D5C2B40F-3795-4356-B6D6-FC26B206101C}.AppStore|iPhone.Build.0 = Release|Any CPU
		{D5C2B40F-3795-4356-B6D6-FC26B206101C}.AppStore|iPhone.Deploy.0 = Release|Any CPU
		{D5C2B40F-3795-4356-B6D6-FC26B206101C}.AppStore|iPhoneSimulator.ActiveCfg = Release|Any CPU
		{D5C2B40F-3795-4356-B6D6-FC26B206101C}.AppStore|iPhoneSimulator.Build.0 = Release|Any CPU
		{D5C2B40F-3795-4356-B6D6-FC26B206101C}.AppStore|iPhoneSimulator.Deploy.0 = Release|Any CPU
		{D5C2B40F-3795-4356-B6D6-FC26B206101C}.AppStore|x64.ActiveCfg = Release|Any CPU
		{D5C2B40F-3795-4356-B6D6-FC26B206101C}.AppStore|x64.Build.0 = Release|Any CPU
		{D5C2B40F-3795-4356-B6D6-FC26B206101C}.AppStore|x64.Deploy.0 = Release|Any CPU
		{D5C2B40F-3795-4356-B6D6-FC26B206101C}.AppStore|x86.ActiveCfg = Release|Any CPU
		{D5C2B40F-3795-4356-B6D6-FC26B206101C}.AppStore|x86.Build.0 = Release|Any CPU
		{D5C2B40F-3795-4356-B6D6-FC26B206101C}.AppStore|x86.Deploy.0 = Release|Any CPU
		{D5C2B40F-3795-4356-B6D6-FC26B206101C}.Debug|Any CPU.ActiveCfg = Debug|Any CPU
		{D5C2B40F-3795-4356-B6D6-FC26B206101C}.Debug|Any CPU.Build.0 = Debug|Any CPU
		{D5C2B40F-3795-4356-B6D6-FC26B206101C}.Debug|Any CPU.Deploy.0 = Debug|Any CPU
		{D5C2B40F-3795-4356-B6D6-FC26B206101C}.Debug|ARM.ActiveCfg = Debug|Any CPU
		{D5C2B40F-3795-4356-B6D6-FC26B206101C}.Debug|ARM.Build.0 = Debug|Any CPU
		{D5C2B40F-3795-4356-B6D6-FC26B206101C}.Debug|ARM.Deploy.0 = Debug|Any CPU
		{D5C2B40F-3795-4356-B6D6-FC26B206101C}.Debug|iPhone.ActiveCfg = Debug|Any CPU
		{D5C2B40F-3795-4356-B6D6-FC26B206101C}.Debug|iPhone.Build.0 = Debug|Any CPU
		{D5C2B40F-3795-4356-B6D6-FC26B206101C}.Debug|iPhone.Deploy.0 = Debug|Any CPU
		{D5C2B40F-3795-4356-B6D6-FC26B206101C}.Debug|iPhoneSimulator.ActiveCfg = Debug|Any CPU
		{D5C2B40F-3795-4356-B6D6-FC26B206101C}.Debug|iPhoneSimulator.Build.0 = Debug|Any CPU
		{D5C2B40F-3795-4356-B6D6-FC26B206101C}.Debug|iPhoneSimulator.Deploy.0 = Debug|Any CPU
		{D5C2B40F-3795-4356-B6D6-FC26B206101C}.Debug|x64.ActiveCfg = Debug|Any CPU
		{D5C2B40F-3795-4356-B6D6-FC26B206101C}.Debug|x64.Build.0 = Debug|Any CPU
		{D5C2B40F-3795-4356-B6D6-FC26B206101C}.Debug|x64.Deploy.0 = Debug|Any CPU
		{D5C2B40F-3795-4356-B6D6-FC26B206101C}.Debug|x86.ActiveCfg = Debug|Any CPU
		{D5C2B40F-3795-4356-B6D6-FC26B206101C}.Debug|x86.Build.0 = Debug|Any CPU
		{D5C2B40F-3795-4356-B6D6-FC26B206101C}.Debug|x86.Deploy.0 = Debug|Any CPU
		{D5C2B40F-3795-4356-B6D6-FC26B206101C}.Release|Any CPU.ActiveCfg = Release|Any CPU
		{D5C2B40F-3795-4356-B6D6-FC26B206101C}.Release|Any CPU.Build.0 = Release|Any CPU
		{D5C2B40F-3795-4356-B6D6-FC26B206101C}.Release|Any CPU.Deploy.0 = Release|Any CPU
		{D5C2B40F-3795-4356-B6D6-FC26B206101C}.Release|ARM.ActiveCfg = Release|Any CPU
		{D5C2B40F-3795-4356-B6D6-FC26B206101C}.Release|ARM.Build.0 = Release|Any CPU
		{D5C2B40F-3795-4356-B6D6-FC26B206101C}.Release|ARM.Deploy.0 = Release|Any CPU
		{D5C2B40F-3795-4356-B6D6-FC26B206101C}.Release|iPhone.ActiveCfg = Release|Any CPU
		{D5C2B40F-3795-4356-B6D6-FC26B206101C}.Release|iPhone.Build.0 = Release|Any CPU
		{D5C2B40F-3795-4356-B6D6-FC26B206101C}.Release|iPhone.Deploy.0 = Release|Any CPU
		{D5C2B40F-3795-4356-B6D6-FC26B206101C}.Release|iPhoneSimulator.ActiveCfg = Release|Any CPU
		{D5C2B40F-3795-4356-B6D6-FC26B206101C}.Release|iPhoneSimulator.Build.0 = Release|Any CPU
		{D5C2B40F-3795-4356-B6D6-FC26B206101C}.Release|iPhoneSimulator.Deploy.0 = Release|Any CPU
		{D5C2B40F-3795-4356-B6D6-FC26B206101C}.Release|x64.ActiveCfg = Release|Any CPU
		{D5C2B40F-3795-4356-B6D6-FC26B206101C}.Release|x64.Build.0 = Release|Any CPU
		{D5C2B40F-3795-4356-B6D6-FC26B206101C}.Release|x64.Deploy.0 = Release|Any CPU
		{D5C2B40F-3795-4356-B6D6-FC26B206101C}.Release|x86.ActiveCfg = Release|Any CPU
		{D5C2B40F-3795-4356-B6D6-FC26B206101C}.Release|x86.Build.0 = Release|Any CPU
		{D5C2B40F-3795-4356-B6D6-FC26B206101C}.Release|x86.Deploy.0 = Release|Any CPU
	EndGlobalSection
	GlobalSection(SolutionProperties) = preSolution
		HideSolutionNode = FALSE
	EndGlobalSection
	GlobalSection(NestedProjects) = preSolution
		{293596E5-9BD4-4069-B015-D0AA6D61B546} = {E7F784F4-5279-4BBE-9D31-8E78B94CFD7F}
		{321326FF-E8B8-413D-9C7F-6B9E7989799C} = {5A061F97-1206-40D0-96BE-BA5F648556B9}
		{A504C3F5-0CF3-46C6-BA78-212ACC525E93} = {5A061F97-1206-40D0-96BE-BA5F648556B9}
		{CD9B473E-04B8-44D4-8E53-06556CD3D7FD} = {E7F784F4-5279-4BBE-9D31-8E78B94CFD7F}
		{D5C2B40F-3795-4356-B6D6-FC26B206101C} = {5A061F97-1206-40D0-96BE-BA5F648556B9}
	EndGlobalSection
EndGlobal
